{
  "name": "test-local-deps",
  "version": "1.0.0",
  "lockfileVersion": 1,
  "requires": true,
  "dependencies": {
    "test-fs": {
      "version": "file:local_modules/test-fs-1.0.0.tgz",
      "integrity": "sha512-YUW6xBO1111BEqJDq4Lbw3Fc6rKJvP4Z8z9Jlxs8XAvPT4gE/pfhhEexiLaUfC0IsKTdqeus8fLocXp96R488w==",
      "requires": {
        "underscore": "^1.9.2"
      }
    },
    "underscore": {
      "version": "1.9.2",
      "resolved": "https://registry.npmjs.org/underscore/-/underscore-1.9.2.tgz",
      "integrity": "sha512-D39qtimx0c1fI3ya1Lnhk3E9nONswSKhnffBI0gME9C99fYOkNi04xs8K6pePLhvl1frbDemkaBQ5ikWllR2HQ=="
    }
  }
}
